
Microsoft Visual Studio Solution File, Format Version 12.00
# Visual Studio 14
VisualStudioVersion = 14.0.25123.0
MinimumVisualStudioVersion = 10.0.40219.1
Project("{2150E333-8FDC-42A3-9474-1A3956D46DE8}") = "Engine", "Engine", "{849DDC8E-EACF-4931-A9B7-A5258649EAB6}"
EndProject
Project("{2150E333-8FDC-42A3-9474-1A3956D46DE8}") = "Games", "Games", "{9CC41112-8993-4763-84D1-18A9150C4FFD}"
EndProject
Project("{8BC9CEB8-8B4A-11D0-8D11-00A0C91BC942}") = "UE4", "Intermediate\ProjectFiles\UE4.vcxproj", "{A1C9F147-F3C8-4D3E-9407-FB27A6AC7F9E}"
EndProject
Project("{8BC9CEB8-8B4A-11D0-8D11-00A0C91BC942}") = "BuildingEscape", "Intermediate\ProjectFiles\BuildingEscape.vcxproj", "{8187F386-2296-49A3-9A17-9AB66576E5B4}"
EndProject
Global
	GlobalSection(SolutionConfigurationPlatforms) = preSolution
		DebugGame Editor|Win32 = DebugGame Editor|Win32
		DebugGame Editor|Win64 = DebugGame Editor|Win64
		DebugGame|Win32 = DebugGame|Win32
		DebugGame|Win64 = DebugGame|Win64
		Development Editor|Win32 = Development Editor|Win32
		Development Editor|Win64 = Development Editor|Win64
		Development|Win32 = Development|Win32
		Development|Win64 = Development|Win64
		Shipping|Win32 = Shipping|Win32
		Shipping|Win64 = Shipping|Win64
	EndGlobalSection
	GlobalSection(ProjectConfigurationPlatforms) = postSolution
		{A1C9F147-F3C8-4D3E-9407-FB27A6AC7F9E}.DebugGame Editor|Win32.ActiveCfg = BuiltWithUnrealBuildTool|Win32
		{A1C9F147-F3C8-4D3E-9407-FB27A6AC7F9E}.DebugGame Editor|Win32.Build.0 = BuiltWithUnrealBuildTool|Win32
		{A1C9F147-F3C8-4D3E-9407-FB27A6AC7F9E}.DebugGame Editor|Win64.ActiveCfg = BuiltWithUnrealBuildTool|Win32
		{A1C9F147-F3C8-4D3E-9407-FB27A6AC7F9E}.DebugGame Editor|Win64.Build.0 = BuiltWithUnrealBuildTool|Win32
		{A1C9F147-F3C8-4D3E-9407-FB27A6AC7F9E}.DebugGame|Win32.ActiveCfg = BuiltWithUnrealBuildTool|Win32
		{A1C9F147-F3C8-4D3E-9407-FB27A6AC7F9E}.DebugGame|Win32.Build.0 = BuiltWithUnrealBuildTool|Win32
		{A1C9F147-F3C8-4D3E-9407-FB27A6AC7F9E}.DebugGame|Win64.ActiveCfg = BuiltWithUnrealBuildTool|Win32
		{A1C9F147-F3C8-4D3E-9407-FB27A6AC7F9E}.DebugGame|Win64.Build.0 = BuiltWithUnrealBuildTool|Win32
		{A1C9F147-F3C8-4D3E-9407-FB27A6AC7F9E}.Development Editor|Win32.ActiveCfg = BuiltWithUnrealBuildTool|Win32
		{A1C9F147-F3C8-4D3E-9407-FB27A6AC7F9E}.Development Editor|Win32.Build.0 = BuiltWithUnrealBuildTool|Win32
		{A1C9F147-F3C8-4D3E-9407-FB27A6AC7F9E}.Development Editor|Win64.ActiveCfg = BuiltWithUnrealBuildTool|Win32
		{A1C9F147-F3C8-4D3E-9407-FB27A6AC7F9E}.Development Editor|Win64.Build.0 = BuiltWithUnrealBuildTool|Win32
		{A1C9F147-F3C8-4D3E-9407-FB27A6AC7F9E}.Development|Win32.ActiveCfg = BuiltWithUnrealBuildTool|Win32
		{A1C9F147-F3C8-4D3E-9407-FB27A6AC7F9E}.Development|Win32.Build.0 = BuiltWithUnrealBuildTool|Win32
		{A1C9F147-F3C8-4D3E-9407-FB27A6AC7F9E}.Development|Win64.ActiveCfg = BuiltWithUnrealBuildTool|Win32
		{A1C9F147-F3C8-4D3E-9407-FB27A6AC7F9E}.Development|Win64.Build.0 = BuiltWithUnrealBuildTool|Win32
		{A1C9F147-F3C8-4D3E-9407-FB27A6AC7F9E}.Shipping|Win32.ActiveCfg = BuiltWithUnrealBuildTool|Win32
		{A1C9F147-F3C8-4D3E-9407-FB27A6AC7F9E}.Shipping|Win32.Build.0 = BuiltWithUnrealBuildTool|Win32
		{A1C9F147-F3C8-4D3E-9407-FB27A6AC7F9E}.Shipping|Win64.ActiveCfg = BuiltWithUnrealBuildTool|Win32
		{A1C9F147-F3C8-4D3E-9407-FB27A6AC7F9E}.Shipping|Win64.Build.0 = BuiltWithUnrealBuildTool|Win32
		{8187F386-2296-49A3-9A17-9AB66576E5B4}.DebugGame Editor|Win32.ActiveCfg = DebugGame_Editor|Win32
		{8187F386-2296-49A3-9A17-9AB66576E5B4}.DebugGame Editor|Win32.Build.0 = DebugGame_Editor|Win32
		{8187F386-2296-49A3-9A17-9AB66576E5B4}.DebugGame Editor|Win64.ActiveCfg = DebugGame_Editor|x64
		{8187F386-2296-49A3-9A17-9AB66576E5B4}.DebugGame Editor|Win64.Build.0 = DebugGame_Editor|x64
		{8187F386-2296-49A3-9A17-9AB66576E5B4}.DebugGame|Win32.ActiveCfg = DebugGame_Game|Win32
		{8187F386-2296-49A3-9A17-9AB66576E5B4}.DebugGame|Win32.Build.0 = DebugGame_Game|Win32
		{8187F386-2296-49A3-9A17-9AB66576E5B4}.DebugGame|Win64.ActiveCfg = DebugGame_Game|x64
		{8187F386-2296-49A3-9A17-9AB66576E5B4}.DebugGame|Win64.Build.0 = DebugGame_Game|x64
		{8187F386-2296-49A3-9A17-9AB66576E5B4}.Development Editor|Win32.ActiveCfg = Development_Editor|Win32
		{8187F386-2296-49A3-9A17-9AB66576E5B4}.Development Editor|Win32.Build.0 = Development_Editor|Win32
		{8187F386-2296-49A3-9A17-9AB66576E5B4}.Development Editor|Win64.ActiveCfg = Development_Editor|x64
		{8187F386-2296-49A3-9A17-9AB66576E5B4}.Development Editor|Win64.Build.0 = Development_Editor|x64
		{8187F386-2296-49A3-9A17-9AB66576E5B4}.Development|Win32.ActiveCfg = Development_Game|Win32
		{8187F386-2296-49A3-9A17-9AB66576E5B4}.Development|Win32.Build.0 = Development_Game|Win32
		{8187F386-2296-49A3-9A17-9AB66576E5B4}.Development|Win64.ActiveCfg = Development_Game|x64
		{8187F386-2296-49A3-9A17-9AB66576E5B4}.Development|Win64.Build.0 = Development_Game|x64
		{8187F386-2296-49A3-9A17-9AB66576E5B4}.Shipping|Win32.ActiveCfg = Shipping_Game|Win32
		{8187F386-2296-49A3-9A17-9AB66576E5B4}.Shipping|Win32.Build.0 = Shipping_Game|Win32
		{8187F386-2296-49A3-9A17-9AB66576E5B4}.Shipping|Win64.ActiveCfg = Shipping_Game|x64
		{8187F386-2296-49A3-9A17-9AB66576E5B4}.Shipping|Win64.Build.0 = Shipping_Game|x64
	EndGlobalSection
	GlobalSection(SolutionProperties) = preSolution
		HideSolutionNode = FALSE
	EndGlobalSection
	GlobalSection(NestedProjects) = preSolution
		{A1C9F147-F3C8-4D3E-9407-FB27A6AC7F9E} = {849DDC8E-EACF-4931-A9B7-A5258649EAB6}
		{8187F386-2296-49A3-9A17-9AB66576E5B4} = {9CC41112-8993-4763-84D1-18A9150C4FFD}
	EndGlobalSection
EndGlobal
